// !$*UTF8*$!
{
	archiveVersion = 1;
	classes = {
	};
	objectVersion = 46;
	objects = {

/* Begin PBXBuildFile section */
		006D720419952D00008149E2 /* AVFoundation.framework in Frameworks */ = {isa = PBXBuildFile; fileRef = 006D720219952D00008149E2 /* AVFoundation.framework */; };
		006D720519952D00008149E2 /* CoreMedia.framework in Frameworks */ = {isa = PBXBuildFile; fileRef = 006D720319952D00008149E2 /* CoreMedia.framework */; };
		0091D8F90E81B9330029341E /* OpenGL.framework in Frameworks */ = {isa = PBXBuildFile; fileRef = 0091D8F80E81B9330029341E /* OpenGL.framework */; };
		00B784B30FF439BC000DE1D7 /* Accelerate.framework in Frameworks */ = {isa = PBXBuildFile; fileRef = 00B784AF0FF439BC000DE1D7 /* Accelerate.framework */; };
		00B784B40FF439BC000DE1D7 /* AudioToolbox.framework in Frameworks */ = {isa = PBXBuildFile; fileRef = 00B784B00FF439BC000DE1D7 /* AudioToolbox.framework */; };
		00B784B50FF439BC000DE1D7 /* AudioUnit.framework in Frameworks */ = {isa = PBXBuildFile; fileRef = 00B784B10FF439BC000DE1D7 /* AudioUnit.framework */; };
		00B784B60FF439BC000DE1D7 /* CoreAudio.framework in Frameworks */ = {isa = PBXBuildFile; fileRef = 00B784B20FF439BC000DE1D7 /* CoreAudio.framework */; };
		11A40572A4AB43E4B69C6959 /* StreamApp.cpp in Sources */ = {isa = PBXBuildFile; fileRef = 692AEA40F23A40B0A87261BB /* StreamApp.cpp */; };
		2E11460A1A107C0100B5D2E7 /* shader.frag in Resources */ = {isa = PBXBuildFile; fileRef = 2E1146081A107C0100B5D2E7 /* shader.frag */; };
		2E11460B1A107C0100B5D2E7 /* shader.vert in Resources */ = {isa = PBXBuildFile; fileRef = 2E1146091A107C0100B5D2E7 /* shader.vert */; };
		2E41A1AD1A0FED3B0083BEA3 /* Bloom.cpp in Sources */ = {isa = PBXBuildFile; fileRef = 2E41A1A21A0FED3B0083BEA3 /* Bloom.cpp */; };
		2E41A1B01A0FED3B0083BEA3 /* LightSource.cpp in Sources */ = {isa = PBXBuildFile; fileRef = 2E41A1A51A0FED3B0083BEA3 /* LightSource.cpp */; };
		2E41A1B21A0FED3B0083BEA3 /* Shader.cpp in Sources */ = {isa = PBXBuildFile; fileRef = 2E41A1A71A0FED3B0083BEA3 /* Shader.cpp */; };
		2E41A1B31A0FED3B0083BEA3 /* SMAA.cpp in Sources */ = {isa = PBXBuildFile; fileRef = 2E41A1AB1A0FED3B0083BEA3 /* SMAA.cpp */; };
		2E41A1D61A0FF2EF0083BEA3 /* additive.frag in Resources */ = {isa = PBXBuildFile; fileRef = 2E41A1C31A0FF2EF0083BEA3 /* additive.frag */; };
		2E41A1D71A0FF2EF0083BEA3 /* additive.vert in Resources */ = {isa = PBXBuildFile; fileRef = 2E41A1C41A0FF2EF0083BEA3 /* additive.vert */; };
		2E41A1D81A0FF2EF0083BEA3 /* blur.frag in Resources */ = {isa = PBXBuildFile; fileRef = 2E41A1C51A0FF2EF0083BEA3 /* blur.frag */; };
		2E41A1D91A0FF2EF0083BEA3 /* blur.vert in Resources */ = {isa = PBXBuildFile; fileRef = 2E41A1C61A0FF2EF0083BEA3 /* blur.vert */; };
		2E41A1DA1A0FF2EF0083BEA3 /* depth.frag in Resources */ = {isa = PBXBuildFile; fileRef = 2E41A1C71A0FF2EF0083BEA3 /* depth.frag */; };
		2E41A1DB1A0FF2EF0083BEA3 /* depth.vert in Resources */ = {isa = PBXBuildFile; fileRef = 2E41A1C81A0FF2EF0083BEA3 /* depth.vert */; };
		2E41A1DC1A0FF2EF0083BEA3 /* downsample.frag in Resources */ = {isa = PBXBuildFile; fileRef = 2E41A1C91A0FF2EF0083BEA3 /* downsample.frag */; };
		2E41A1DD1A0FF2EF0083BEA3 /* downsample.vert in Resources */ = {isa = PBXBuildFile; fileRef = 2E41A1CA1A0FF2EF0083BEA3 /* downsample.vert */; };
		2E41A1DE1A0FF2EF0083BEA3 /* lighting.frag in Resources */ = {isa = PBXBuildFile; fileRef = 2E41A1CB1A0FF2EF0083BEA3 /* lighting.frag */; };
		2E41A1DF1A0FF2EF0083BEA3 /* lighting.vert in Resources */ = {isa = PBXBuildFile; fileRef = 2E41A1CC1A0FF2EF0083BEA3 /* lighting.vert */; };
		2E41A1E01A0FF2EF0083BEA3 /* postprocessing.frag in Resources */ = {isa = PBXBuildFile; fileRef = 2E41A1CD1A0FF2EF0083BEA3 /* postprocessing.frag */; };
		2E41A1E11A0FF2EF0083BEA3 /* postprocessing.vert in Resources */ = {isa = PBXBuildFile; fileRef = 2E41A1CE1A0FF2EF0083BEA3 /* postprocessing.vert */; };
		2E41A1E21A0FF2EF0083BEA3 /* smaa1.frag in Resources */ = {isa = PBXBuildFile; fileRef = 2E41A1D01A0FF2EF0083BEA3 /* smaa1.frag */; };
		2E41A1E31A0FF2EF0083BEA3 /* smaa1.vert in Resources */ = {isa = PBXBuildFile; fileRef = 2E41A1D11A0FF2EF0083BEA3 /* smaa1.vert */; };
		2E41A1E41A0FF2EF0083BEA3 /* smaa2.frag in Resources */ = {isa = PBXBuildFile; fileRef = 2E41A1D21A0FF2EF0083BEA3 /* smaa2.frag */; };
		2E41A1E51A0FF2EF0083BEA3 /* smaa2.vert in Resources */ = {isa = PBXBuildFile; fileRef = 2E41A1D31A0FF2EF0083BEA3 /* smaa2.vert */; };
		2E41A1E61A0FF2EF0083BEA3 /* smaa3.frag in Resources */ = {isa = PBXBuildFile; fileRef = 2E41A1D41A0FF2EF0083BEA3 /* smaa3.frag */; };
		2E41A1E71A0FF2EF0083BEA3 /* smaa3.vert in Resources */ = {isa = PBXBuildFile; fileRef = 2E41A1D51A0FF2EF0083BEA3 /* smaa3.vert */; };
		5323E6B20EAFCA74003A9687 /* CoreVideo.framework in Frameworks */ = {isa = PBXBuildFile; fileRef = 5323E6B10EAFCA74003A9687 /* CoreVideo.framework */; };
		5323E6B60EAFCA7E003A9687 /* QTKit.framework in Frameworks */ = {isa = PBXBuildFile; fileRef = 5323E6B50EAFCA7E003A9687 /* QTKit.framework */; };
		8D11072F0486CEB800E47090 /* Cocoa.framework in Frameworks */ = {isa = PBXBuildFile; fileRef = 1058C7A1FEA54F0111CA2CBB /* Cocoa.framework */; };
		F133A6D67300416080242931 /* CinderApp.icns in Resources */ = {isa = PBXBuildFile; fileRef = F9B76BC161154521B58C22A0 /* CinderApp.icns */; };
/* End PBXBuildFile section */

/* Begin PBXFileReference section */
		006D720219952D00008149E2 /* AVFoundation.framework */ = {isa = PBXFileReference; lastKnownFileType = wrapper.framework; name = AVFoundation.framework; path = System/Library/Frameworks/AVFoundation.framework; sourceTree = SDKROOT; };
		006D720319952D00008149E2 /* CoreMedia.framework */ = {isa = PBXFileReference; lastKnownFileType = wrapper.framework; name = CoreMedia.framework; path = System/Library/Frameworks/CoreMedia.framework; sourceTree = SDKROOT; };
		0091D8F80E81B9330029341E /* OpenGL.framework */ = {isa = PBXFileReference; lastKnownFileType = wrapper.framework; name = OpenGL.framework; path = /System/Library/Frameworks/OpenGL.framework; sourceTree = "<absolute>"; };
		00B784AF0FF439BC000DE1D7 /* Accelerate.framework */ = {isa = PBXFileReference; lastKnownFileType = wrapper.framework; name = Accelerate.framework; path = System/Library/Frameworks/Accelerate.framework; sourceTree = SDKROOT; };
		00B784B00FF439BC000DE1D7 /* AudioToolbox.framework */ = {isa = PBXFileReference; lastKnownFileType = wrapper.framework; name = AudioToolbox.framework; path = System/Library/Frameworks/AudioToolbox.framework; sourceTree = SDKROOT; };
		00B784B10FF439BC000DE1D7 /* AudioUnit.framework */ = {isa = PBXFileReference; lastKnownFileType = wrapper.framework; name = AudioUnit.framework; path = System/Library/Frameworks/AudioUnit.framework; sourceTree = SDKROOT; };
		00B784B20FF439BC000DE1D7 /* CoreAudio.framework */ = {isa = PBXFileReference; lastKnownFileType = wrapper.framework; name = CoreAudio.framework; path = System/Library/Frameworks/CoreAudio.framework; sourceTree = SDKROOT; };
		1058C7A1FEA54F0111CA2CBB /* Cocoa.framework */ = {isa = PBXFileReference; lastKnownFileType = wrapper.framework; name = Cocoa.framework; path = /System/Library/Frameworks/Cocoa.framework; sourceTree = "<absolute>"; };
		14C399E837DE4A6E836CCA0C /* Info.plist */ = {isa = PBXFileReference; lastKnownFileType = text.plist.xml; path = Info.plist; sourceTree = "<group>"; };
		29B97324FDCFA39411CA2CEA /* AppKit.framework */ = {isa = PBXFileReference; lastKnownFileType = wrapper.framework; name = AppKit.framework; path = /System/Library/Frameworks/AppKit.framework; sourceTree = "<absolute>"; };
		29B97325FDCFA39411CA2CEA /* Foundation.framework */ = {isa = PBXFileReference; lastKnownFileType = wrapper.framework; name = Foundation.framework; path = /System/Library/Frameworks/Foundation.framework; sourceTree = "<absolute>"; };
		2E1146081A107C0100B5D2E7 /* shader.frag */ = {isa = PBXFileReference; fileEncoding = 4; lastKnownFileType = sourcecode.glsl; name = shader.frag; path = ../assets/shader.frag; sourceTree = "<group>"; };
		2E1146091A107C0100B5D2E7 /* shader.vert */ = {isa = PBXFileReference; fileEncoding = 4; lastKnownFileType = sourcecode.glsl; name = shader.vert; path = ../assets/shader.vert; sourceTree = "<group>"; };
		2E41A1A21A0FED3B0083BEA3 /* Bloom.cpp */ = {isa = PBXFileReference; fileEncoding = 4; lastKnownFileType = sourcecode.cpp.cpp; name = Bloom.cpp; path = ../src/Bloom.cpp; sourceTree = "<group>"; };
		2E41A1A51A0FED3B0083BEA3 /* LightSource.cpp */ = {isa = PBXFileReference; fileEncoding = 4; lastKnownFileType = sourcecode.cpp.cpp; name = LightSource.cpp; path = ../src/LightSource.cpp; sourceTree = "<group>"; };
		2E41A1A71A0FED3B0083BEA3 /* Shader.cpp */ = {isa = PBXFileReference; fileEncoding = 4; lastKnownFileType = sourcecode.cpp.cpp; name = Shader.cpp; path = ../src/Shader.cpp; sourceTree = "<group>"; };
		2E41A1A91A0FED3B0083BEA3 /* AreaTex.h */ = {isa = PBXFileReference; fileEncoding = 4; lastKnownFileType = sourcecode.c.h; path = AreaTex.h; sourceTree = "<group>"; };
		2E41A1AA1A0FED3B0083BEA3 /* SearchTex.h */ = {isa = PBXFileReference; fileEncoding = 4; lastKnownFileType = sourcecode.c.h; path = SearchTex.h; sourceTree = "<group>"; };
		2E41A1AB1A0FED3B0083BEA3 /* SMAA.cpp */ = {isa = PBXFileReference; fileEncoding = 4; lastKnownFileType = sourcecode.cpp.cpp; path = SMAA.cpp; sourceTree = "<group>"; };
		2E41A1AC1A0FED3B0083BEA3 /* SMAA.h */ = {isa = PBXFileReference; fileEncoding = 4; lastKnownFileType = sourcecode.c.h; path = SMAA.h; sourceTree = "<group>"; };
		2E41A1B41A0FED630083BEA3 /* Bloom.h */ = {isa = PBXFileReference; lastKnownFileType = sourcecode.c.h; name = Bloom.h; path = ../include/Bloom.h; sourceTree = "<group>"; };
		2E41A1B51A0FED630083BEA3 /* LightSource.h */ = {isa = PBXFileReference; lastKnownFileType = sourcecode.c.h; name = LightSource.h; path = ../include/LightSource.h; sourceTree = "<group>"; };
		2E41A1B71A0FED630083BEA3 /* Resources.h */ = {isa = PBXFileReference; lastKnownFileType = sourcecode.c.h; name = Resources.h; path = ../include/Resources.h; sourceTree = "<group>"; };
		2E41A1B81A0FED630083BEA3 /* Shader.h */ = {isa = PBXFileReference; lastKnownFileType = sourcecode.c.h; name = Shader.h; path = ../include/Shader.h; sourceTree = "<group>"; };
		2E41A1C31A0FF2EF0083BEA3 /* additive.frag */ = {isa = PBXFileReference; fileEncoding = 4; lastKnownFileType = sourcecode.glsl; path = additive.frag; sourceTree = "<group>"; };
		2E41A1C41A0FF2EF0083BEA3 /* additive.vert */ = {isa = PBXFileReference; fileEncoding = 4; lastKnownFileType = sourcecode.glsl; path = additive.vert; sourceTree = "<group>"; };
		2E41A1C51A0FF2EF0083BEA3 /* blur.frag */ = {isa = PBXFileReference; fileEncoding = 4; lastKnownFileType = sourcecode.glsl; path = blur.frag; sourceTree = "<group>"; };
		2E41A1C61A0FF2EF0083BEA3 /* blur.vert */ = {isa = PBXFileReference; fileEncoding = 4; lastKnownFileType = sourcecode.glsl; path = blur.vert; sourceTree = "<group>"; };
		2E41A1C71A0FF2EF0083BEA3 /* depth.frag */ = {isa = PBXFileReference; fileEncoding = 4; lastKnownFileType = sourcecode.glsl; path = depth.frag; sourceTree = "<group>"; };
		2E41A1C81A0FF2EF0083BEA3 /* depth.vert */ = {isa = PBXFileReference; fileEncoding = 4; lastKnownFileType = sourcecode.glsl; path = depth.vert; sourceTree = "<group>"; };
		2E41A1C91A0FF2EF0083BEA3 /* downsample.frag */ = {isa = PBXFileReference; fileEncoding = 4; lastKnownFileType = sourcecode.glsl; path = downsample.frag; sourceTree = "<group>"; };
		2E41A1CA1A0FF2EF0083BEA3 /* downsample.vert */ = {isa = PBXFileReference; fileEncoding = 4; lastKnownFileType = sourcecode.glsl; path = downsample.vert; sourceTree = "<group>"; };
		2E41A1CB1A0FF2EF0083BEA3 /* lighting.frag */ = {isa = PBXFileReference; fileEncoding = 4; lastKnownFileType = sourcecode.glsl; path = lighting.frag; sourceTree = "<group>"; };
		2E41A1CC1A0FF2EF0083BEA3 /* lighting.vert */ = {isa = PBXFileReference; fileEncoding = 4; lastKnownFileType = sourcecode.glsl; path = lighting.vert; sourceTree = "<group>"; };
		2E41A1CD1A0FF2EF0083BEA3 /* postprocessing.frag */ = {isa = PBXFileReference; fileEncoding = 4; lastKnownFileType = sourcecode.glsl; path = postprocessing.frag; sourceTree = "<group>"; };
		2E41A1CE1A0FF2EF0083BEA3 /* postprocessing.vert */ = {isa = PBXFileReference; fileEncoding = 4; lastKnownFileType = sourcecode.glsl; path = postprocessing.vert; sourceTree = "<group>"; };
		2E41A1CF1A0FF2EF0083BEA3 /* SMAA.h */ = {isa = PBXFileReference; fileEncoding = 4; lastKnownFileType = sourcecode.c.h; path = SMAA.h; sourceTree = "<group>"; };
		2E41A1D01A0FF2EF0083BEA3 /* smaa1.frag */ = {isa = PBXFileReference; fileEncoding = 4; lastKnownFileType = sourcecode.glsl; path = smaa1.frag; sourceTree = "<group>"; };
		2E41A1D11A0FF2EF0083BEA3 /* smaa1.vert */ = {isa = PBXFileReference; fileEncoding = 4; lastKnownFileType = sourcecode.glsl; path = smaa1.vert; sourceTree = "<group>"; };
		2E41A1D21A0FF2EF0083BEA3 /* smaa2.frag */ = {isa = PBXFileReference; fileEncoding = 4; lastKnownFileType = sourcecode.glsl; path = smaa2.frag; sourceTree = "<group>"; };
		2E41A1D31A0FF2EF0083BEA3 /* smaa2.vert */ = {isa = PBXFileReference; fileEncoding = 4; lastKnownFileType = sourcecode.glsl; path = smaa2.vert; sourceTree = "<group>"; };
		2E41A1D41A0FF2EF0083BEA3 /* smaa3.frag */ = {isa = PBXFileReference; fileEncoding = 4; lastKnownFileType = sourcecode.glsl; path = smaa3.frag; sourceTree = "<group>"; };
		2E41A1D51A0FF2EF0083BEA3 /* smaa3.vert */ = {isa = PBXFileReference; fileEncoding = 4; lastKnownFileType = sourcecode.glsl; path = smaa3.vert; sourceTree = "<group>"; };
		5323E6B10EAFCA74003A9687 /* CoreVideo.framework */ = {isa = PBXFileReference; lastKnownFileType = wrapper.framework; name = CoreVideo.framework; path = /System/Library/Frameworks/CoreVideo.framework; sourceTree = "<absolute>"; };
		5323E6B50EAFCA7E003A9687 /* QTKit.framework */ = {isa = PBXFileReference; lastKnownFileType = wrapper.framework; name = QTKit.framework; path = /System/Library/Frameworks/QTKit.framework; sourceTree = "<absolute>"; };
		692AEA40F23A40B0A87261BB /* StreamApp.cpp */ = {isa = PBXFileReference; lastKnownFileType = sourcecode.c.cpp; name = StreamApp.cpp; path = ../src/StreamApp.cpp; sourceTree = "<group>"; };
		898BB36F116647869607112C /* Resources.h */ = {isa = PBXFileReference; lastKnownFileType = sourcecode.c.h; name = Resources.h; path = ../include/Resources.h; sourceTree = "<group>"; };
		8D1107320486CEB800E47090 /* Stream.app */ = {isa = PBXFileReference; explicitFileType = wrapper.application; includeInIndex = 0; path = Stream.app; sourceTree = BUILT_PRODUCTS_DIR; };
		9478B21C072449259E6843B3 /* Stream_Prefix.pch */ = {isa = PBXFileReference; lastKnownFileType = "\"\""; path = Stream_Prefix.pch; sourceTree = "<group>"; };
		F9B76BC161154521B58C22A0 /* CinderApp.icns */ = {isa = PBXFileReference; lastKnownFileType = image.icns; name = CinderApp.icns; path = ../resources/CinderApp.icns; sourceTree = "<group>"; };
/* End PBXFileReference section */

/* Begin PBXFrameworksBuildPhase section */
		8D11072E0486CEB800E47090 /* Frameworks */ = {
			isa = PBXFrameworksBuildPhase;
			buildActionMask = 2147483647;
			files = (
				006D720419952D00008149E2 /* AVFoundation.framework in Frameworks */,
				006D720519952D00008149E2 /* CoreMedia.framework in Frameworks */,
				8D11072F0486CEB800E47090 /* Cocoa.framework in Frameworks */,
				0091D8F90E81B9330029341E /* OpenGL.framework in Frameworks */,
				5323E6B20EAFCA74003A9687 /* CoreVideo.framework in Frameworks */,
				5323E6B60EAFCA7E003A9687 /* QTKit.framework in Frameworks */,
				00B784B30FF439BC000DE1D7 /* Accelerate.framework in Frameworks */,
				00B784B40FF439BC000DE1D7 /* AudioToolbox.framework in Frameworks */,
				00B784B50FF439BC000DE1D7 /* AudioUnit.framework in Frameworks */,
				00B784B60FF439BC000DE1D7 /* CoreAudio.framework in Frameworks */,
			);
			runOnlyForDeploymentPostprocessing = 0;
		};
/* End PBXFrameworksBuildPhase section */

/* Begin PBXGroup section */
		01B97315FEAEA392516A2CEA /* Blocks */ = {
			isa = PBXGroup;
			children = (
				2E41A1B41A0FED630083BEA3 /* Bloom.h */,
				2E41A1B51A0FED630083BEA3 /* LightSource.h */,
				2E41A1B71A0FED630083BEA3 /* Resources.h */,
				2E41A1B81A0FED630083BEA3 /* Shader.h */,
			);
			name = Blocks;
			sourceTree = "<group>";
		};
		080E96DDFE201D6D7F000001 /* Source */ = {
			isa = PBXGroup;
			children = (
				2E41A1A21A0FED3B0083BEA3 /* Bloom.cpp */,
				2E41A1A51A0FED3B0083BEA3 /* LightSource.cpp */,
				2E41A1A71A0FED3B0083BEA3 /* Shader.cpp */,
				2E41A1A81A0FED3B0083BEA3 /* smaa */,
				692AEA40F23A40B0A87261BB /* StreamApp.cpp */,
			);
			name = Source;
			sourceTree = "<group>";
		};
		1058C7A0FEA54F0111CA2CBB /* Linked Frameworks */ = {
			isa = PBXGroup;
			children = (
				006D720219952D00008149E2 /* AVFoundation.framework */,
				006D720319952D00008149E2 /* CoreMedia.framework */,
				00B784AF0FF439BC000DE1D7 /* Accelerate.framework */,
				00B784B00FF439BC000DE1D7 /* AudioToolbox.framework */,
				00B784B10FF439BC000DE1D7 /* AudioUnit.framework */,
				00B784B20FF439BC000DE1D7 /* CoreAudio.framework */,
				5323E6B50EAFCA7E003A9687 /* QTKit.framework */,
				5323E6B10EAFCA74003A9687 /* CoreVideo.framework */,
				0091D8F80E81B9330029341E /* OpenGL.framework */,
				1058C7A1FEA54F0111CA2CBB /* Cocoa.framework */,
			);
			name = "Linked Frameworks";
			sourceTree = "<group>";
		};
		1058C7A2FEA54F0111CA2CBB /* Other Frameworks */ = {
			isa = PBXGroup;
			children = (
				29B97324FDCFA39411CA2CEA /* AppKit.framework */,
				29B97325FDCFA39411CA2CEA /* Foundation.framework */,
			);
			name = "Other Frameworks";
			sourceTree = "<group>";
		};
		19C28FACFE9D520D11CA2CBB /* Products */ = {
			isa = PBXGroup;
			children = (
				8D1107320486CEB800E47090 /* Stream.app */,
			);
			name = Products;
			sourceTree = "<group>";
		};
		29B97314FDCFA39411CA2CEA /* Stream */ = {
			isa = PBXGroup;
			children = (
				2E41A1E81A1001560083BEA3 /* assets */,
				01B97315FEAEA392516A2CEA /* Blocks */,
				29B97315FDCFA39411CA2CEA /* Headers */,
				080E96DDFE201D6D7F000001 /* Source */,
				29B97317FDCFA39411CA2CEA /* Resources */,
				29B97323FDCFA39411CA2CEA /* Frameworks */,
				19C28FACFE9D520D11CA2CBB /* Products */,
			);
			name = Stream;
			sourceTree = "<group>";
		};
		29B97315FDCFA39411CA2CEA /* Headers */ = {
			isa = PBXGroup;
			children = (
				898BB36F116647869607112C /* Resources.h */,
				9478B21C072449259E6843B3 /* Stream_Prefix.pch */,
			);
			name = Headers;
			sourceTree = "<group>";
		};
		29B97317FDCFA39411CA2CEA /* Resources */ = {
			isa = PBXGroup;
			children = (
				2E1146081A107C0100B5D2E7 /* shader.frag */,
				2E1146091A107C0100B5D2E7 /* shader.vert */,
				2E41A1C21A0FF2EF0083BEA3 /* shaders */,
				F9B76BC161154521B58C22A0 /* CinderApp.icns */,
				14C399E837DE4A6E836CCA0C /* Info.plist */,
			);
			name = Resources;
			sourceTree = "<group>";
		};
		29B97323FDCFA39411CA2CEA /* Frameworks */ = {
			isa = PBXGroup;
			children = (
				1058C7A0FEA54F0111CA2CBB /* Linked Frameworks */,
				1058C7A2FEA54F0111CA2CBB /* Other Frameworks */,
			);
			name = Frameworks;
			sourceTree = "<group>";
		};
		2E41A1A81A0FED3B0083BEA3 /* smaa */ = {
			isa = PBXGroup;
			children = (
				2E41A1A91A0FED3B0083BEA3 /* AreaTex.h */,
				2E41A1AA1A0FED3B0083BEA3 /* SearchTex.h */,
				2E41A1AB1A0FED3B0083BEA3 /* SMAA.cpp */,
				2E41A1AC1A0FED3B0083BEA3 /* SMAA.h */,
			);
			name = smaa;
			path = ../src/smaa;
			sourceTree = "<group>";
		};
		2E41A1C21A0FF2EF0083BEA3 /* shaders */ = {
			isa = PBXGroup;
			children = (
				2E41A1C31A0FF2EF0083BEA3 /* additive.frag */,
				2E41A1C41A0FF2EF0083BEA3 /* additive.vert */,
				2E41A1C51A0FF2EF0083BEA3 /* blur.frag */,
				2E41A1C61A0FF2EF0083BEA3 /* blur.vert */,
				2E41A1C71A0FF2EF0083BEA3 /* depth.frag */,
				2E41A1C81A0FF2EF0083BEA3 /* depth.vert */,
				2E41A1C91A0FF2EF0083BEA3 /* downsample.frag */,
				2E41A1CA1A0FF2EF0083BEA3 /* downsample.vert */,
				2E41A1CB1A0FF2EF0083BEA3 /* lighting.frag */,
				2E41A1CC1A0FF2EF0083BEA3 /* lighting.vert */,
				2E41A1CD1A0FF2EF0083BEA3 /* postprocessing.frag */,
				2E41A1CE1A0FF2EF0083BEA3 /* postprocessing.vert */,
				2E41A1CF1A0FF2EF0083BEA3 /* SMAA.h */,
				2E41A1D01A0FF2EF0083BEA3 /* smaa1.frag */,
				2E41A1D11A0FF2EF0083BEA3 /* smaa1.vert */,
				2E41A1D21A0FF2EF0083BEA3 /* smaa2.frag */,
				2E41A1D31A0FF2EF0083BEA3 /* smaa2.vert */,
				2E41A1D41A0FF2EF0083BEA3 /* smaa3.frag */,
				2E41A1D51A0FF2EF0083BEA3 /* smaa3.vert */,
			);
			name = shaders;
			path = ../../StreamGao/assets/shaders;
			sourceTree = "<group>";
		};
		2E41A1E81A1001560083BEA3 /* assets */ = {
			isa = PBXGroup;
			children = (
			);
			name = assets;
			sourceTree = "<group>";
		};
/* End PBXGroup section */

/* Begin PBXNativeTarget section */
		8D1107260486CEB800E47090 /* Stream */ = {
			isa = PBXNativeTarget;
			buildConfigurationList = C01FCF4A08A954540054247B /* Build configuration list for PBXNativeTarget "Stream" */;
			buildPhases = (
				8D1107290486CEB800E47090 /* Resources */,
				8D11072C0486CEB800E47090 /* Sources */,
				8D11072E0486CEB800E47090 /* Frameworks */,
			);
			buildRules = (
			);
			dependencies = (
			);
			name = Stream;
			productInstallPath = "$(HOME)/Applications";
			productName = Stream;
			productReference = 8D1107320486CEB800E47090 /* Stream.app */;
			productType = "com.apple.product-type.application";
		};
/* End PBXNativeTarget section */

/* Begin PBXProject section */
		29B97313FDCFA39411CA2CEA /* Project object */ = {
			isa = PBXProject;
			attributes = {
				LastUpgradeCheck = 0610;
			};
			buildConfigurationList = C01FCF4E08A954540054247B /* Build configuration list for PBXProject "Stream" */;
			compatibilityVersion = "Xcode 3.2";
			developmentRegion = English;
			hasScannedForEncodings = 1;
			knownRegions = (
				English,
				Japanese,
				French,
				German,
			);
			mainGroup = 29B97314FDCFA39411CA2CEA /* Stream */;
			projectDirPath = "";
			projectRoot = "";
			targets = (
				8D1107260486CEB800E47090 /* Stream */,
			);
		};
/* End PBXProject section */

/* Begin PBXResourcesBuildPhase section */
		8D1107290486CEB800E47090 /* Resources */ = {
			isa = PBXResourcesBuildPhase;
			buildActionMask = 2147483647;
			files = (
				2E11460A1A107C0100B5D2E7 /* shader.frag in Resources */,
				2E41A1E31A0FF2EF0083BEA3 /* smaa1.vert in Resources */,
				2E41A1D71A0FF2EF0083BEA3 /* additive.vert in Resources */,
				2E41A1DE1A0FF2EF0083BEA3 /* lighting.frag in Resources */,
				2E41A1E41A0FF2EF0083BEA3 /* smaa2.frag in Resources */,
				2E41A1DB1A0FF2EF0083BEA3 /* depth.vert in Resources */,
				2E41A1E11A0FF2EF0083BEA3 /* postprocessing.vert in Resources */,
				2E41A1E01A0FF2EF0083BEA3 /* postprocessing.frag in Resources */,
				2E11460B1A107C0100B5D2E7 /* shader.vert in Resources */,
				2E41A1D91A0FF2EF0083BEA3 /* blur.vert in Resources */,
				2E41A1E61A0FF2EF0083BEA3 /* smaa3.frag in Resources */,
				2E41A1DA1A0FF2EF0083BEA3 /* depth.frag in Resources */,
				2E41A1DD1A0FF2EF0083BEA3 /* downsample.vert in Resources */,
				2E41A1E21A0FF2EF0083BEA3 /* smaa1.frag in Resources */,
				F133A6D67300416080242931 /* CinderApp.icns in Resources */,
				2E41A1D81A0FF2EF0083BEA3 /* blur.frag in Resources */,
				2E41A1E51A0FF2EF0083BEA3 /* smaa2.vert in Resources */,
				2E41A1D61A0FF2EF0083BEA3 /* additive.frag in Resources */,
				2E41A1E71A0FF2EF0083BEA3 /* smaa3.vert in Resources */,
				2E41A1DF1A0FF2EF0083BEA3 /* lighting.vert in Resources */,
				2E41A1DC1A0FF2EF0083BEA3 /* downsample.frag in Resources */,
			);
			runOnlyForDeploymentPostprocessing = 0;
		};
/* End PBXResourcesBuildPhase section */

/* Begin PBXSourcesBuildPhase section */
		8D11072C0486CEB800E47090 /* Sources */ = {
			isa = PBXSourcesBuildPhase;
			buildActionMask = 2147483647;
			files = (
				2E41A1B01A0FED3B0083BEA3 /* LightSource.cpp in Sources */,
				11A40572A4AB43E4B69C6959 /* StreamApp.cpp in Sources */,
				2E41A1B31A0FED3B0083BEA3 /* SMAA.cpp in Sources */,
				2E41A1AD1A0FED3B0083BEA3 /* Bloom.cpp in Sources */,
				2E41A1B21A0FED3B0083BEA3 /* Shader.cpp in Sources */,
			);
			runOnlyForDeploymentPostprocessing = 0;
		};
/* End PBXSourcesBuildPhase section */

/* Begin XCBuildConfiguration section */
		C01FCF4B08A954540054247B /* Debug */ = {
			isa = XCBuildConfiguration;
			buildSettings = {
				COMBINE_HIDPI_IMAGES = YES;
				COPY_PHASE_STRIP = NO;
				DEAD_CODE_STRIPPING = YES;
				GCC_DYNAMIC_NO_PIC = NO;
				GCC_INLINES_ARE_PRIVATE_EXTERN = YES;
				GCC_OPTIMIZATION_LEVEL = 0;
				GCC_PRECOMPILE_PREFIX_HEADER = YES;
				GCC_PREFIX_HEADER = Stream_Prefix.pch;
				GCC_PREPROCESSOR_DEFINITIONS = (
					"DEBUG=1",
					"$(inherited)",
				);
				GCC_SYMBOLS_PRIVATE_EXTERN = NO;
				INFOPLIST_FILE = Info.plist;
				INSTALL_PATH = "$(HOME)/Applications";
				OTHER_LDFLAGS = "\"$(CINDER_PATH)/lib/libcinder_d.a\"";
				PRODUCT_NAME = Stream;
				SYMROOT = ./build;
				WRAPPER_EXTENSION = app;
			};
			name = Debug;
		};
		C01FCF4C08A954540054247B /* Release */ = {
			isa = XCBuildConfiguration;
			buildSettings = {
				COMBINE_HIDPI_IMAGES = YES;
				DEAD_CODE_STRIPPING = YES;
				DEBUG_INFORMATION_FORMAT = "dwarf-with-dsym";
				GCC_FAST_MATH = YES;
				GCC_GENERATE_DEBUGGING_SYMBOLS = NO;
				GCC_INLINES_ARE_PRIVATE_EXTERN = YES;
				GCC_OPTIMIZATION_LEVEL = 3;
				GCC_PRECOMPILE_PREFIX_HEADER = YES;
				GCC_PREFIX_HEADER = Stream_Prefix.pch;
				GCC_PREPROCESSOR_DEFINITIONS = (
					"NDEBUG=1",
					"$(inherited)",
				);
				GCC_SYMBOLS_PRIVATE_EXTERN = NO;
				INFOPLIST_FILE = Info.plist;
				INSTALL_PATH = "$(HOME)/Applications";
				OTHER_LDFLAGS = "\"$(CINDER_PATH)/lib/libcinder.a\"";
				PRODUCT_NAME = Stream;
				STRIP_INSTALLED_PRODUCT = YES;
				SYMROOT = ./build;
				WRAPPER_EXTENSION = app;
			};
			name = Release;
		};
		C01FCF4F08A954540054247B /* Debug */ = {
			isa = XCBuildConfiguration;
			buildSettings = {
				ALWAYS_SEARCH_USER_PATHS = NO;
				CINDER_PATH = ../../../cinder_glNext;
				CLANG_CXX_LANGUAGE_STANDARD = "c++0x";
				CLANG_CXX_LIBRARY = "libc++";
				GCC_WARN_ABOUT_RETURN_TYPE = YES;
				GCC_WARN_UNUSED_VARIABLE = YES;
				HEADER_SEARCH_PATHS = "\"$(CINDER_PATH)/boost\"";
				MACOSX_DEPLOYMENT_TARGET = 10.8;
				ONLY_ACTIVE_ARCH = YES;
				SDKROOT = macosx;
				USER_HEADER_SEARCH_PATHS = "\"$(CINDER_PATH)/include\" ../include";
			};
			name = Debug;
		};
		C01FCF5008A954540054247B /* Release */ = {
			isa = XCBuildConfiguration;
			buildSettings = {
				ALWAYS_SEARCH_USER_PATHS = NO;
				CINDER_PATH = ../../../cinder_glNext;
				CLANG_CXX_LANGUAGE_STANDARD = "c++0x";
				CLANG_CXX_LIBRARY = "libc++";
				GCC_WARN_ABOUT_RETURN_TYPE = YES;
				GCC_WARN_UNUSED_VARIABLE = YES;
				HEADER_SEARCH_PATHS = "\"$(CINDER_PATH)/boost\"";
				MACOSX_DEPLOYMENT_TARGET = 10.8;
				SDKROOT = macosx;
				USER_HEADER_SEARCH_PATHS = "\"$(CINDER_PATH)/include\" ../include";
			};
			name = Release;
		};
/* End XCBuildConfiguration section */

/* Begin XCConfigurationList section */
		C01FCF4A08A954540054247B /* Build configuration list for PBXNativeTarget "Stream" */ = {
			isa = XCConfigurationList;
			buildConfigurations = (
				C01FCF4B08A954540054247B /* Debug */,
				C01FCF4C08A954540054247B /* Release */,
			);
			defaultConfigurationIsVisible = 0;
			defaultConfigurationName = Release;
		};
		C01FCF4E08A954540054247B /* Build configuration list for PBXProject "Stream" */ = {
			isa = XCConfigurationList;
			buildConfigurations = (
				C01FCF4F08A954540054247B /* Debug */,
				C01FCF5008A954540054247B /* Release */,
			);
			defaultConfigurationIsVisible = 0;
			defaultConfigurationName = Release;
		};
/* End XCConfigurationList section */
	};
	rootObject = 29B97313FDCFA39411CA2CEA /* Project object */;
}
